
Microsoft Visual Studio Solution File, Format Version 12.00
# Visual Studio Version 17
VisualStudioVersion = 17.8.34322.80
MinimumVisualStudioVersion = 10.0.40219.1
Project("{9A19103F-16F7-4668-BE54-9A1E7A4F7556}") = "tuvendedorback", "tuvendedorback\tuvendedorback.csproj", "{DB11D69C-DD9C-4AAE-9F35-6DD5A2352822}"
EndProject
Project("{2150E333-8FDC-42A3-9474-1A3956D46DE8}") = "Elementos de la solución", "Elementos de la solución", "{C1BFF0E7-8704-4D74-AB17-7F1953E725D9}"
	ProjectSection(SolutionItems) = preProject
		.gitignore = .gitignore
		dockerfile = dockerfile
	EndProjectSection
EndProject
Global
	GlobalSection(SolutionConfigurationPlatforms) = preSolution
		Debug|Any CPU = Debug|Any CPU
		Release|Any CPU = Release|Any CPU
	EndGlobalSection
	GlobalSection(ProjectConfigurationPlatforms) = postSolution
		{DB11D69C-DD9C-4AAE-9F35-6DD5A2352822}.Debug|Any CPU.ActiveCfg = Debug|Any CPU
		{DB11D69C-DD9C-4AAE-9F35-6DD5A2352822}.Debug|Any CPU.Build.0 = Debug|Any CPU
		{DB11D69C-DD9C-4AAE-9F35-6DD5A2352822}.Release|Any CPU.ActiveCfg = Release|Any CPU
		{DB11D69C-DD9C-4AAE-9F35-6DD5A2352822}.Release|Any CPU.Build.0 = Release|Any CPU
	EndGlobalSection
	GlobalSection(SolutionProperties) = preSolution
		HideSolutionNode = FALSE
	EndGlobalSection
	GlobalSection(ExtensibilityGlobals) = postSolution
		SolutionGuid = {C33B9FE2-91E9-4341-9EB4-E3885A98259C}
	EndGlobalSection
EndGlobal
